
Microsoft Visual Studio Solution File, Format Version 12.00
# Visual Studio Version 16
VisualStudioVersion = 16.0.30413.136
MinimumVisualStudioVersion = 10.0.40219.1
Project("{9A19103F-16F7-4668-BE54-9A1E7A4F7556}") = "WpfApp1", "WpfApp1\WpfApp1.csproj", "{0172D203-EA3D-4F39-8A8C-50945FF8C8F5}"
EndProject
Project("{FAE04EC0-301F-11D3-BF4B-00C04F79EFBC}") = "Tests", "Tests\Tests.csproj", "{BBC5801A-B195-4D5E-B79E-7F0F9996E224}"
EndProject
Global
	GlobalSection(SolutionConfigurationPlatforms) = preSolution
		Debug|Any CPU = Debug|Any CPU
		Release|Any CPU = Release|Any CPU
	EndGlobalSection
	GlobalSection(ProjectConfigurationPlatforms) = postSolution
		{0172D203-EA3D-4F39-8A8C-50945FF8C8F5}.Debug|Any CPU.ActiveCfg = Debug|Any CPU
		{0172D203-EA3D-4F39-8A8C-50945FF8C8F5}.Debug|Any CPU.Build.0 = Debug|Any CPU
		{0172D203-EA3D-4F39-8A8C-50945FF8C8F5}.Release|Any CPU.ActiveCfg = Release|Any CPU
		{0172D203-EA3D-4F39-8A8C-50945FF8C8F5}.Release|Any CPU.Build.0 = Release|Any CPU
		{BBC5801A-B195-4D5E-B79E-7F0F9996E224}.Debug|Any CPU.ActiveCfg = Debug|Any CPU
		{BBC5801A-B195-4D5E-B79E-7F0F9996E224}.Debug|Any CPU.Build.0 = Debug|Any CPU
		{BBC5801A-B195-4D5E-B79E-7F0F9996E224}.Release|Any CPU.ActiveCfg = Release|Any CPU
		{BBC5801A-B195-4D5E-B79E-7F0F9996E224}.Release|Any CPU.Build.0 = Release|Any CPU
	EndGlobalSection
	GlobalSection(SolutionProperties) = preSolution
		HideSolutionNode = FALSE
	EndGlobalSection
	GlobalSection(ExtensibilityGlobals) = postSolution
		SolutionGuid = {354BBD09-0BFC-4D21-BD06-1C4FF0442772}
	EndGlobalSection
EndGlobal
